
Microsoft Visual Studio Solution File, Format Version 12.00
# Visual Studio Version 16
VisualStudioVersion = 16.0.31702.278
MinimumVisualStudioVersion = 10.0.40219.1
Project("{FAE04EC0-301F-11D3-BF4B-00C04F79EFBC}") = "food-helper", "food-helper\food-helper.csproj", "{8A113A03-0EDE-4D38-A066-6F832DB19099}"
EndProject
Global
	GlobalSection(SolutionConfigurationPlatforms) = preSolution
		Debug|Any CPU = Debug|Any CPU
		Release|Any CPU = Release|Any CPU
	EndGlobalSection
	GlobalSection(ProjectConfigurationPlatforms) = postSolution
		{8A113A03-0EDE-4D38-A066-6F832DB19099}.Debug|Any CPU.ActiveCfg = Debug|Any CPU
		{8A113A03-0EDE-4D38-A066-6F832DB19099}.Debug|Any CPU.Build.0 = Debug|Any CPU
		{8A113A03-0EDE-4D38-A066-6F832DB19099}.Release|Any CPU.ActiveCfg = Release|Any CPU
		{8A113A03-0EDE-4D38-A066-6F832DB19099}.Release|Any CPU.Build.0 = Release|Any CPU
	EndGlobalSection
	GlobalSection(SolutionProperties) = preSolution
		HideSolutionNode = FALSE
	EndGlobalSection
	GlobalSection(ExtensibilityGlobals) = postSolution
		SolutionGuid = {A1678881-219D-4DE9-ADC0-23F65846C290}
	EndGlobalSection
EndGlobal
